
Microsoft Visual Studio Solution File, Format Version 12.00
# Visual Studio Version 16
VisualStudioVersion = 16.0.30204.135
MinimumVisualStudioVersion = 10.0.40219.1
Project("{FAE04EC0-301F-11D3-BF4B-00C04F79EFBC}") = "TrAg", "TrAg\TrAg.csproj", "{0BA899DE-07FE-4749-91A7-A0A6F7FC7338}"
EndProject
Global
	GlobalSection(SolutionConfigurationPlatforms) = preSolution
		Debug|Any CPU = Debug|Any CPU
		Release|Any CPU = Release|Any CPU
	EndGlobalSection
	GlobalSection(ProjectConfigurationPlatforms) = postSolution
		{0BA899DE-07FE-4749-91A7-A0A6F7FC7338}.Debug|Any CPU.ActiveCfg = Debug|Any CPU
		{0BA899DE-07FE-4749-91A7-A0A6F7FC7338}.Debug|Any CPU.Build.0 = Debug|Any CPU
		{0BA899DE-07FE-4749-91A7-A0A6F7FC7338}.Release|Any CPU.ActiveCfg = Release|Any CPU
		{0BA899DE-07FE-4749-91A7-A0A6F7FC7338}.Release|Any CPU.Build.0 = Release|Any CPU
	EndGlobalSection
	GlobalSection(SolutionProperties) = preSolution
		HideSolutionNode = FALSE
	EndGlobalSection
	GlobalSection(ExtensibilityGlobals) = postSolution
		SolutionGuid = {548FD9FD-38D9-4DDB-ACBB-FF7C4E99297C}
	EndGlobalSection
EndGlobal
